<?xml version="1.0" encoding="UTF-8" standalone="yes" ?>
<CodeBlocks_project_file>
	<FileVersion major="1" minor="6" />
	<Project>
		<Option title="RaspiServer_v2_CB_20211012" />
		<Option pch_mode="2" />
		<Option compiler="gcc" />
		<Build>
			<Target title="Debug">
				<Option output="bin/Debug/RaspiServer_v2_CB_20211012" prefix_auto="1" extension_auto="1" />
				<Option object_output="obj/Debug/" />
				<Option type="1" />
				<Option compiler="gcc" />
				<Compiler>
					<Add option="-g" />
				</Compiler>
			</Target>
			<Target title="Release">
				<Option output="bin/Release/RaspiServer_v2_CB_20211012" prefix_auto="1" extension_auto="1" />
				<Option object_output="obj/Release/" />
				<Option type="1" />
				<Option compiler="gcc" />
				<Compiler>
					<Add option="-O2" />
				</Compiler>
				<Linker>
					<Add option="-s" />
				</Linker>
			</Target>
		</Build>
		<Compiler>
			<Add option="-Wall" />
			<Add option="-fexceptions" />
		</Compiler>
		<Unit filename="Curl/curl.h" />
		<Unit filename="Curl/curlver.h" />
		<Unit filename="Curl/easy.h" />
		<Unit filename="Curl/mprintf.h" />
		<Unit filename="Curl/multi.h" />
		<Unit filename="Curl/stdcheaders.h" />
		<Unit filename="Curl/system.h" />
		<Unit filename="Curl/typecheck-gcc.h" />
		<Unit filename="Curl/urlapi.h" />
		<Unit filename="Database/DBConnection.cpp" />
		<Unit filename="Database/DBConnection.hpp" />
		<Unit filename="Message/Authenticator.cpp" />
		<Unit filename="Message/Authenticator.hpp" />
		<Unit filename="Message/MessageFactory.cpp" />
		<Unit filename="Message/MessageFactory.hpp" />
		<Unit filename="Message/MessageHandler.cpp" />
		<Unit filename="Message/MessageHandler.hpp" />
		<Unit filename="Message/Type/MAcknowledged.cpp" />
		<Unit filename="Message/Type/MAcknowledged.hpp" />
		<Unit filename="Message/Type/MKeyExchange.cpp" />
		<Unit filename="Message/Type/MKeyExchange.hpp" />
		<Unit filename="Message/Type/MSensorValue.cpp" />
		<Unit filename="Message/Type/MSensorValue.hpp" />
		<Unit filename="Message/Type/MTimeInfo.cpp" />
		<Unit filename="Message/Type/MTimeInfo.hpp" />
		<Unit filename="Message/Type/Message.cpp" />
		<Unit filename="Message/Type/Message.hpp" />
		<Unit filename="SensorConnection/BluetoothSensorConnection.cpp" />
		<Unit filename="SensorConnection/BluetoothSensorConnection.hpp" />
		<Unit filename="SensorConnection/SensorConnection.cpp" />
		<Unit filename="SensorConnection/SensorConnection.hpp" />
		<Unit filename="SensorConnection/UDPSensorConnection.cpp" />
		<Unit filename="SensorConnection/UDPSensorConnection.hpp" />
		<Unit filename="Utility/aes.c">
			<Option compilerVar="CC" />
		</Unit>
		<Unit filename="Utility/aes.h" />
		<Unit filename="Utility/aes.hpp" />
		<Unit filename="Utility/diffiehellman.c">
			<Option compilerVar="CC" />
		</Unit>
		<Unit filename="Utility/diffiehellman.h" />
		<Unit filename="Utility/message.c">
			<Option compilerVar="CC" />
		</Unit>
		<Unit filename="Utility/message.h" />
		<Unit filename="Utility/mini-gmp.c">
			<Option compilerVar="CC" />
		</Unit>
		<Unit filename="Utility/mini-gmp.h" />
		<Unit filename="Utility/sha3.c">
			<Option compilerVar="CC" />
		</Unit>
		<Unit filename="Utility/sha3.h" />
		<Unit filename="Utility/sqlite3.c">
			<Option compilerVar="CC" />
		</Unit>
		<Unit filename="Utility/sqlite3.h" />
		<Unit filename="main.cpp" />
		<Unit filename="nlohmann/adl_serializer.hpp" />
		<Unit filename="nlohmann/detail/conversions/from_json.hpp" />
		<Unit filename="nlohmann/detail/conversions/to_chars.hpp" />
		<Unit filename="nlohmann/detail/conversions/to_json.hpp" />
		<Unit filename="nlohmann/detail/exceptions.hpp" />
		<Unit filename="nlohmann/detail/input/binary_reader.hpp" />
		<Unit filename="nlohmann/detail/input/input_adapters.hpp" />
		<Unit filename="nlohmann/detail/input/json_sax.hpp" />
		<Unit filename="nlohmann/detail/input/lexer.hpp" />
		<Unit filename="nlohmann/detail/input/parser.hpp" />
		<Unit filename="nlohmann/detail/input/position_t.hpp" />
		<Unit filename="nlohmann/detail/iterators/internal_iterator.hpp" />
		<Unit filename="nlohmann/detail/iterators/iter_impl.hpp" />
		<Unit filename="nlohmann/detail/iterators/iteration_proxy.hpp" />
		<Unit filename="nlohmann/detail/iterators/iterator_traits.hpp" />
		<Unit filename="nlohmann/detail/iterators/json_reverse_iterator.hpp" />
		<Unit filename="nlohmann/detail/iterators/primitive_iterator.hpp" />
		<Unit filename="nlohmann/detail/json_pointer.hpp" />
		<Unit filename="nlohmann/detail/json_ref.hpp" />
		<Unit filename="nlohmann/detail/macro_scope.hpp" />
		<Unit filename="nlohmann/detail/macro_unscope.hpp" />
		<Unit filename="nlohmann/detail/meta/cpp_future.hpp" />
		<Unit filename="nlohmann/detail/meta/detected.hpp" />
		<Unit filename="nlohmann/detail/meta/is_sax.hpp" />
		<Unit filename="nlohmann/detail/meta/type_traits.hpp" />
		<Unit filename="nlohmann/detail/meta/void_t.hpp" />
		<Unit filename="nlohmann/detail/output/binary_writer.hpp" />
		<Unit filename="nlohmann/detail/output/output_adapters.hpp" />
		<Unit filename="nlohmann/detail/output/serializer.hpp" />
		<Unit filename="nlohmann/detail/value_t.hpp" />
		<Unit filename="nlohmann/json.hpp" />
		<Unit filename="nlohmann/json_fwd.hpp" />
		<Extensions>
			<code_completion />
			<debugger />
		</Extensions>
	</Project>
</CodeBlocks_project_file>
